
Microsoft Visual Studio Solution File, Format Version 12.00
# Visual Studio Version 17
VisualStudioVersion = 17.9.34414.90
MinimumVisualStudioVersion = 10.0.40219.1
Project("{9A19103F-16F7-4668-BE54-9A1E7A4F7556}") = "PrettyFluentMail", "PrettyFluentMail.csproj", "{66D645C3-120F-48D4-A037-2538A746E2AF}"
EndProject
Global
	GlobalSection(SolutionConfigurationPlatforms) = preSolution
		Debug|Any CPU = Debug|Any CPU
		Release|Any CPU = Release|Any CPU
	EndGlobalSection
	GlobalSection(ProjectConfigurationPlatforms) = postSolution
		{66D645C3-120F-48D4-A037-2538A746E2AF}.Debug|Any CPU.ActiveCfg = Debug|Any CPU
		{66D645C3-120F-48D4-A037-2538A746E2AF}.Debug|Any CPU.Build.0 = Debug|Any CPU
		{66D645C3-120F-48D4-A037-2538A746E2AF}.Release|Any CPU.ActiveCfg = Release|Any CPU
		{66D645C3-120F-48D4-A037-2538A746E2AF}.Release|Any CPU.Build.0 = Release|Any CPU
	EndGlobalSection
	GlobalSection(SolutionProperties) = preSolution
		HideSolutionNode = FALSE
	EndGlobalSection
	GlobalSection(ExtensibilityGlobals) = postSolution
		SolutionGuid = {F72B26B4-FA68-4FC4-9FA0-9D9F3777A784}
	EndGlobalSection
EndGlobal
